
Microsoft Visual Studio Solution File, Format Version 12.00
# Visual Studio Version 16
VisualStudioVersion = 16.0.30413.136
MinimumVisualStudioVersion = 10.0.40219.1
Project("{FAE04EC0-301F-11D3-BF4B-00C04F79EFBC}") = "WpfApp1", "WpfApp1.csproj", "{306AB3D0-2EEA-4BA9-872C-6734C0AE43FA}"
EndProject
Global
	GlobalSection(SolutionConfigurationPlatforms) = preSolution
		Debug|Any CPU = Debug|Any CPU
		Release|Any CPU = Release|Any CPU
	EndGlobalSection
	GlobalSection(ProjectConfigurationPlatforms) = postSolution
		{306AB3D0-2EEA-4BA9-872C-6734C0AE43FA}.Debug|Any CPU.ActiveCfg = Debug|Any CPU
		{306AB3D0-2EEA-4BA9-872C-6734C0AE43FA}.Debug|Any CPU.Build.0 = Debug|Any CPU
		{306AB3D0-2EEA-4BA9-872C-6734C0AE43FA}.Release|Any CPU.ActiveCfg = Release|Any CPU
		{306AB3D0-2EEA-4BA9-872C-6734C0AE43FA}.Release|Any CPU.Build.0 = Release|Any CPU
	EndGlobalSection
	GlobalSection(SolutionProperties) = preSolution
		HideSolutionNode = FALSE
	EndGlobalSection
	GlobalSection(ExtensibilityGlobals) = postSolution
		SolutionGuid = {9B769917-9788-46C9-97E7-6F4F0C360152}
	EndGlobalSection
EndGlobal
